
Microsoft Visual Studio Solution File, Format Version 12.00
# Visual Studio Version 17
VisualStudioVersion = 17.13.35825.156 d17.13
MinimumVisualStudioVersion = 10.0.40219.1
Project("{FAE04EC0-301F-11D3-BF4B-00C04F79EFBC}") = "AudioAdjuster", "AudioAdjuster.csproj", "{EFAE0BB3-5234-4AE8-8683-D228274EA22B}"
EndProject
Global
	GlobalSection(SolutionConfigurationPlatforms) = preSolution
		Debug|Any CPU = Debug|Any CPU
		Release|Any CPU = Release|Any CPU
	EndGlobalSection
	GlobalSection(ProjectConfigurationPlatforms) = postSolution
		{EFAE0BB3-5234-4AE8-8683-D228274EA22B}.Debug|Any CPU.ActiveCfg = Debug|Any CPU
		{EFAE0BB3-5234-4AE8-8683-D228274EA22B}.Debug|Any CPU.Build.0 = Debug|Any CPU
		{EFAE0BB3-5234-4AE8-8683-D228274EA22B}.Release|Any CPU.ActiveCfg = Release|Any CPU
		{EFAE0BB3-5234-4AE8-8683-D228274EA22B}.Release|Any CPU.Build.0 = Release|Any CPU
	EndGlobalSection
	GlobalSection(SolutionProperties) = preSolution
		HideSolutionNode = FALSE
	EndGlobalSection
	GlobalSection(ExtensibilityGlobals) = postSolution
		SolutionGuid = {6E3FC347-C457-46FB-A362-84E0C5AC983F}
	EndGlobalSection
EndGlobal
